
Microsoft Visual Studio Solution File, Format Version 12.00
# Visual Studio Version 17
VisualStudioVersion = 17.9.34607.119
MinimumVisualStudioVersion = 10.0.40219.1
Project("{FAE04EC0-301F-11D3-BF4B-00C04F79EFBC}") = "NetworkMonitorAgent", "NetworkMonitorAgent.csproj", "{F1540838-880A-4528-8AC3-058ED2BD4F0A}"
EndProject
Project("{FAE04EC0-301F-11D3-BF4B-00C04F79EFBC}") = "NetworkMonitorMaui", "..\NetworkMonitorMaui\NetworkMonitorMaui.csproj", "{21E5B299-DB1C-4752-B2A9-EF009E8CBAA1}"
EndProject
Project("{FAE04EC0-301F-11D3-BF4B-00C04F79EFBC}") = "NetworkMonitor-Maui", "..\NetworkMonitorLib\NetworkMonitor-Maui.csproj", "{74B7BAA5-A048-E25D-7971-44BAEC0AAF3A}"
EndProject
Project("{FAE04EC0-301F-11D3-BF4B-00C04F79EFBC}") = "NetworkMonitorProcessor-Maui", "..\NetworkMonitorProcessor\NetworkMonitorProcessor-Maui.csproj", "{9CC69A7E-3EC2-E80D-1E99-47B61EE41045}"
EndProject
Project("{FAE04EC0-301F-11D3-BF4B-00C04F79EFBC}") = "NetworkMonitorChatRazorLib", "..\NetworkMonitorChatRazorLib\NetworkMonitorChatRazorLib.csproj", "{AC9AFC39-0B70-C2F3-84A9-97C11E6AFA5F}"
EndProject
Project("{2150E333-8FDC-42A3-9474-1A3956D46DE8}") = "Tests", "Tests", "{0AB3BF05-4346-4AA6-1389-037BE0695223}"
EndProject
Project("{FAE04EC0-301F-11D3-BF4B-00C04F79EFBC}") = "NetworkMonitorAgent.Tests", "Tests\NetworkMonitorAgent.Tests\NetworkMonitorAgent.Tests.csproj", "{ECFBC7FF-2901-448A-A16E-D85AEC514300}"
EndProject
Global
	GlobalSection(SolutionConfigurationPlatforms) = preSolution
		Debug|Any CPU = Debug|Any CPU
		Debug|x64 = Debug|x64
		Debug|x86 = Debug|x86
		Release|Any CPU = Release|Any CPU
		Release|x64 = Release|x64
		Release|x86 = Release|x86
		Release-Dev|Any CPU = Release-Dev|Any CPU
		Release-Dev|x64 = Release-Dev|x64
		Release-Dev|x86 = Release-Dev|x86
	EndGlobalSection
	GlobalSection(ProjectConfigurationPlatforms) = postSolution
		{F1540838-880A-4528-8AC3-058ED2BD4F0A}.Debug|Any CPU.ActiveCfg = Debug|Any CPU
		{F1540838-880A-4528-8AC3-058ED2BD4F0A}.Debug|Any CPU.Build.0 = Debug|Any CPU
		{F1540838-880A-4528-8AC3-058ED2BD4F0A}.Debug|x64.ActiveCfg = Debug|Any CPU
		{F1540838-880A-4528-8AC3-058ED2BD4F0A}.Debug|x64.Build.0 = Debug|Any CPU
		{F1540838-880A-4528-8AC3-058ED2BD4F0A}.Debug|x86.ActiveCfg = Debug|Any CPU
		{F1540838-880A-4528-8AC3-058ED2BD4F0A}.Debug|x86.Build.0 = Debug|Any CPU
		{F1540838-880A-4528-8AC3-058ED2BD4F0A}.Release|Any CPU.ActiveCfg = Release|Any CPU
		{F1540838-880A-4528-8AC3-058ED2BD4F0A}.Release|Any CPU.Build.0 = Release|Any CPU
		{F1540838-880A-4528-8AC3-058ED2BD4F0A}.Release|x64.ActiveCfg = Release|Any CPU
		{F1540838-880A-4528-8AC3-058ED2BD4F0A}.Release|x64.Build.0 = Release|Any CPU
		{F1540838-880A-4528-8AC3-058ED2BD4F0A}.Release|x86.ActiveCfg = Release|Any CPU
		{F1540838-880A-4528-8AC3-058ED2BD4F0A}.Release|x86.Build.0 = Release|Any CPU
		{F1540838-880A-4528-8AC3-058ED2BD4F0A}.Release-Dev|Any CPU.ActiveCfg = Release|Any CPU
		{F1540838-880A-4528-8AC3-058ED2BD4F0A}.Release-Dev|Any CPU.Build.0 = Release|Any CPU
		{F1540838-880A-4528-8AC3-058ED2BD4F0A}.Release-Dev|x64.ActiveCfg = Release-Dev|Any CPU
		{F1540838-880A-4528-8AC3-058ED2BD4F0A}.Release-Dev|x64.Build.0 = Release-Dev|Any CPU
		{F1540838-880A-4528-8AC3-058ED2BD4F0A}.Release-Dev|x86.ActiveCfg = Release-Dev|Any CPU
		{F1540838-880A-4528-8AC3-058ED2BD4F0A}.Release-Dev|x86.Build.0 = Release-Dev|Any CPU
		{21E5B299-DB1C-4752-B2A9-EF009E8CBAA1}.Debug|Any CPU.ActiveCfg = Debug|Any CPU
		{21E5B299-DB1C-4752-B2A9-EF009E8CBAA1}.Debug|Any CPU.Build.0 = Debug|Any CPU
		{21E5B299-DB1C-4752-B2A9-EF009E8CBAA1}.Debug|x64.ActiveCfg = Debug|Any CPU
		{21E5B299-DB1C-4752-B2A9-EF009E8CBAA1}.Debug|x64.Build.0 = Debug|Any CPU
		{21E5B299-DB1C-4752-B2A9-EF009E8CBAA1}.Debug|x86.ActiveCfg = Debug|Any CPU
		{21E5B299-DB1C-4752-B2A9-EF009E8CBAA1}.Debug|x86.Build.0 = Debug|Any CPU
		{21E5B299-DB1C-4752-B2A9-EF009E8CBAA1}.Release|Any CPU.ActiveCfg = Release|Any CPU
		{21E5B299-DB1C-4752-B2A9-EF009E8CBAA1}.Release|Any CPU.Build.0 = Release|Any CPU
		{21E5B299-DB1C-4752-B2A9-EF009E8CBAA1}.Release|x64.ActiveCfg = Release|Any CPU
		{21E5B299-DB1C-4752-B2A9-EF009E8CBAA1}.Release|x64.Build.0 = Release|Any CPU
		{21E5B299-DB1C-4752-B2A9-EF009E8CBAA1}.Release|x86.ActiveCfg = Release|Any CPU
		{21E5B299-DB1C-4752-B2A9-EF009E8CBAA1}.Release|x86.Build.0 = Release|Any CPU
		{21E5B299-DB1C-4752-B2A9-EF009E8CBAA1}.Release-Dev|Any CPU.ActiveCfg = Release|Any CPU
		{21E5B299-DB1C-4752-B2A9-EF009E8CBAA1}.Release-Dev|Any CPU.Build.0 = Release|Any CPU
		{21E5B299-DB1C-4752-B2A9-EF009E8CBAA1}.Release-Dev|x64.ActiveCfg = Release-Dev|Any CPU
		{21E5B299-DB1C-4752-B2A9-EF009E8CBAA1}.Release-Dev|x64.Build.0 = Release-Dev|Any CPU
		{21E5B299-DB1C-4752-B2A9-EF009E8CBAA1}.Release-Dev|x86.ActiveCfg = Release-Dev|Any CPU
		{21E5B299-DB1C-4752-B2A9-EF009E8CBAA1}.Release-Dev|x86.Build.0 = Release-Dev|Any CPU
		{74B7BAA5-A048-E25D-7971-44BAEC0AAF3A}.Debug|Any CPU.ActiveCfg = Debug|Any CPU
		{74B7BAA5-A048-E25D-7971-44BAEC0AAF3A}.Debug|Any CPU.Build.0 = Debug|Any CPU
		{74B7BAA5-A048-E25D-7971-44BAEC0AAF3A}.Debug|x64.ActiveCfg = Debug|Any CPU
		{74B7BAA5-A048-E25D-7971-44BAEC0AAF3A}.Debug|x64.Build.0 = Debug|Any CPU
		{74B7BAA5-A048-E25D-7971-44BAEC0AAF3A}.Debug|x86.ActiveCfg = Debug|Any CPU
		{74B7BAA5-A048-E25D-7971-44BAEC0AAF3A}.Debug|x86.Build.0 = Debug|Any CPU
		{74B7BAA5-A048-E25D-7971-44BAEC0AAF3A}.Release|Any CPU.ActiveCfg = Release|Any CPU
		{74B7BAA5-A048-E25D-7971-44BAEC0AAF3A}.Release|Any CPU.Build.0 = Release|Any CPU
		{74B7BAA5-A048-E25D-7971-44BAEC0AAF3A}.Release|x64.ActiveCfg = Release|Any CPU
		{74B7BAA5-A048-E25D-7971-44BAEC0AAF3A}.Release|x64.Build.0 = Release|Any CPU
		{74B7BAA5-A048-E25D-7971-44BAEC0AAF3A}.Release|x86.ActiveCfg = Release|Any CPU
		{74B7BAA5-A048-E25D-7971-44BAEC0AAF3A}.Release|x86.Build.0 = Release|Any CPU
		{74B7BAA5-A048-E25D-7971-44BAEC0AAF3A}.Release-Dev|Any CPU.ActiveCfg = Release|Any CPU
		{74B7BAA5-A048-E25D-7971-44BAEC0AAF3A}.Release-Dev|Any CPU.Build.0 = Release|Any CPU
		{74B7BAA5-A048-E25D-7971-44BAEC0AAF3A}.Release-Dev|x64.ActiveCfg = Release-Dev|Any CPU
		{74B7BAA5-A048-E25D-7971-44BAEC0AAF3A}.Release-Dev|x64.Build.0 = Release-Dev|Any CPU
		{74B7BAA5-A048-E25D-7971-44BAEC0AAF3A}.Release-Dev|x86.ActiveCfg = Release-Dev|Any CPU
		{74B7BAA5-A048-E25D-7971-44BAEC0AAF3A}.Release-Dev|x86.Build.0 = Release-Dev|Any CPU
		{9CC69A7E-3EC2-E80D-1E99-47B61EE41045}.Debug|Any CPU.ActiveCfg = Debug|Any CPU
		{9CC69A7E-3EC2-E80D-1E99-47B61EE41045}.Debug|Any CPU.Build.0 = Debug|Any CPU
		{9CC69A7E-3EC2-E80D-1E99-47B61EE41045}.Debug|x64.ActiveCfg = Debug|Any CPU
		{9CC69A7E-3EC2-E80D-1E99-47B61EE41045}.Debug|x64.Build.0 = Debug|Any CPU
		{9CC69A7E-3EC2-E80D-1E99-47B61EE41045}.Debug|x86.ActiveCfg = Debug|Any CPU
		{9CC69A7E-3EC2-E80D-1E99-47B61EE41045}.Debug|x86.Build.0 = Debug|Any CPU
		{9CC69A7E-3EC2-E80D-1E99-47B61EE41045}.Release|Any CPU.ActiveCfg = Release|Any CPU
		{9CC69A7E-3EC2-E80D-1E99-47B61EE41045}.Release|Any CPU.Build.0 = Release|Any CPU
		{9CC69A7E-3EC2-E80D-1E99-47B61EE41045}.Release|x64.ActiveCfg = Release|Any CPU
		{9CC69A7E-3EC2-E80D-1E99-47B61EE41045}.Release|x64.Build.0 = Release|Any CPU
		{9CC69A7E-3EC2-E80D-1E99-47B61EE41045}.Release|x86.ActiveCfg = Release|Any CPU
		{9CC69A7E-3EC2-E80D-1E99-47B61EE41045}.Release|x86.Build.0 = Release|Any CPU
		{9CC69A7E-3EC2-E80D-1E99-47B61EE41045}.Release-Dev|Any CPU.ActiveCfg = Release|Any CPU
		{9CC69A7E-3EC2-E80D-1E99-47B61EE41045}.Release-Dev|Any CPU.Build.0 = Release|Any CPU
		{9CC69A7E-3EC2-E80D-1E99-47B61EE41045}.Release-Dev|x64.ActiveCfg = Release-Dev|Any CPU
		{9CC69A7E-3EC2-E80D-1E99-47B61EE41045}.Release-Dev|x64.Build.0 = Release-Dev|Any CPU
		{9CC69A7E-3EC2-E80D-1E99-47B61EE41045}.Release-Dev|x86.ActiveCfg = Release-Dev|Any CPU
		{9CC69A7E-3EC2-E80D-1E99-47B61EE41045}.Release-Dev|x86.Build.0 = Release-Dev|Any CPU
		{AC9AFC39-0B70-C2F3-84A9-97C11E6AFA5F}.Debug|Any CPU.ActiveCfg = Debug|Any CPU
		{AC9AFC39-0B70-C2F3-84A9-97C11E6AFA5F}.Debug|Any CPU.Build.0 = Debug|Any CPU
		{AC9AFC39-0B70-C2F3-84A9-97C11E6AFA5F}.Debug|x64.ActiveCfg = Debug|Any CPU
		{AC9AFC39-0B70-C2F3-84A9-97C11E6AFA5F}.Debug|x64.Build.0 = Debug|Any CPU
		{AC9AFC39-0B70-C2F3-84A9-97C11E6AFA5F}.Debug|x86.ActiveCfg = Debug|Any CPU
		{AC9AFC39-0B70-C2F3-84A9-97C11E6AFA5F}.Debug|x86.Build.0 = Debug|Any CPU
		{AC9AFC39-0B70-C2F3-84A9-97C11E6AFA5F}.Release|Any CPU.ActiveCfg = Release|Any CPU
		{AC9AFC39-0B70-C2F3-84A9-97C11E6AFA5F}.Release|Any CPU.Build.0 = Release|Any CPU
		{AC9AFC39-0B70-C2F3-84A9-97C11E6AFA5F}.Release|x64.ActiveCfg = Release|Any CPU
		{AC9AFC39-0B70-C2F3-84A9-97C11E6AFA5F}.Release|x64.Build.0 = Release|Any CPU
		{AC9AFC39-0B70-C2F3-84A9-97C11E6AFA5F}.Release|x86.ActiveCfg = Release|Any CPU
		{AC9AFC39-0B70-C2F3-84A9-97C11E6AFA5F}.Release|x86.Build.0 = Release|Any CPU
		{AC9AFC39-0B70-C2F3-84A9-97C11E6AFA5F}.Release-Dev|Any CPU.ActiveCfg = Release|Any CPU
		{AC9AFC39-0B70-C2F3-84A9-97C11E6AFA5F}.Release-Dev|Any CPU.Build.0 = Release|Any CPU
		{AC9AFC39-0B70-C2F3-84A9-97C11E6AFA5F}.Release-Dev|x64.ActiveCfg = Release-Dev|Any CPU
		{AC9AFC39-0B70-C2F3-84A9-97C11E6AFA5F}.Release-Dev|x64.Build.0 = Release-Dev|Any CPU
		{AC9AFC39-0B70-C2F3-84A9-97C11E6AFA5F}.Release-Dev|x86.ActiveCfg = Release-Dev|Any CPU
		{AC9AFC39-0B70-C2F3-84A9-97C11E6AFA5F}.Release-Dev|x86.Build.0 = Release-Dev|Any CPU
		{ECFBC7FF-2901-448A-A16E-D85AEC514300}.Debug|Any CPU.ActiveCfg = Debug|Any CPU
		{ECFBC7FF-2901-448A-A16E-D85AEC514300}.Debug|Any CPU.Build.0 = Debug|Any CPU
		{ECFBC7FF-2901-448A-A16E-D85AEC514300}.Debug|x64.ActiveCfg = Debug|Any CPU
		{ECFBC7FF-2901-448A-A16E-D85AEC514300}.Debug|x64.Build.0 = Debug|Any CPU
		{ECFBC7FF-2901-448A-A16E-D85AEC514300}.Debug|x86.ActiveCfg = Debug|Any CPU
		{ECFBC7FF-2901-448A-A16E-D85AEC514300}.Debug|x86.Build.0 = Debug|Any CPU
		{ECFBC7FF-2901-448A-A16E-D85AEC514300}.Release|Any CPU.ActiveCfg = Release|Any CPU
		{ECFBC7FF-2901-448A-A16E-D85AEC514300}.Release|Any CPU.Build.0 = Release|Any CPU
		{ECFBC7FF-2901-448A-A16E-D85AEC514300}.Release|x64.ActiveCfg = Release|Any CPU
		{ECFBC7FF-2901-448A-A16E-D85AEC514300}.Release|x64.Build.0 = Release|Any CPU
		{ECFBC7FF-2901-448A-A16E-D85AEC514300}.Release|x86.ActiveCfg = Release|Any CPU
		{ECFBC7FF-2901-448A-A16E-D85AEC514300}.Release|x86.Build.0 = Release|Any CPU
		{ECFBC7FF-2901-448A-A16E-D85AEC514300}.Release-Dev|Any CPU.ActiveCfg = Debug|Any CPU
		{ECFBC7FF-2901-448A-A16E-D85AEC514300}.Release-Dev|Any CPU.Build.0 = Debug|Any CPU
		{ECFBC7FF-2901-448A-A16E-D85AEC514300}.Release-Dev|x64.ActiveCfg = Debug|Any CPU
		{ECFBC7FF-2901-448A-A16E-D85AEC514300}.Release-Dev|x64.Build.0 = Debug|Any CPU
		{ECFBC7FF-2901-448A-A16E-D85AEC514300}.Release-Dev|x86.ActiveCfg = Debug|Any CPU
		{ECFBC7FF-2901-448A-A16E-D85AEC514300}.Release-Dev|x86.Build.0 = Debug|Any CPU
	EndGlobalSection
	GlobalSection(SolutionProperties) = preSolution
		HideSolutionNode = FALSE
	EndGlobalSection
	GlobalSection(NestedProjects) = preSolution
		{ECFBC7FF-2901-448A-A16E-D85AEC514300} = {0AB3BF05-4346-4AA6-1389-037BE0695223}
	EndGlobalSection
	GlobalSection(ExtensibilityGlobals) = postSolution
		SolutionGuid = {39E39681-3604-4738-8FB0-C32981467107}
	EndGlobalSection
EndGlobal
