
Microsoft Visual Studio Solution File, Format Version 12.00
# Visual Studio Version 17
VisualStudioVersion = 17.9.34607.119
MinimumVisualStudioVersion = 10.0.40219.1
Project("{FAE04EC0-301F-11D3-BF4B-00C04F79EFBC}") = "NetworkMonitorAgent", "NetworkMonitorAgent.csproj", "{F1540838-880A-4528-8AC3-058ED2BD4F0A}"
EndProject
Project("{FAE04EC0-301F-11D3-BF4B-00C04F79EFBC}") = "NetworkMonitorMaui", "..\NetworkMonitorMaui\NetworkMonitorMaui.csproj", "{21E5B299-DB1C-4752-B2A9-EF009E8CBAA1}"
EndProject
Project("{FAE04EC0-301F-11D3-BF4B-00C04F79EFBC}") = "NetworkMonitor-Maui", "..\NetworkMonitorLib\NetworkMonitor-Maui.csproj", "{74B7BAA5-A048-E25D-7971-44BAEC0AAF3A}"
EndProject
Project("{FAE04EC0-301F-11D3-BF4B-00C04F79EFBC}") = "NetworkMonitorProcessor-Maui", "..\NetworkMonitorProcessor\NetworkMonitorProcessor-Maui.csproj", "{9CC69A7E-3EC2-E80D-1E99-47B61EE41045}"
EndProject
Global
	GlobalSection(SolutionConfigurationPlatforms) = preSolution
		Debug|Any CPU = Debug|Any CPU
		Release|Any CPU = Release|Any CPU
		Release-Dev|Any CPU = Release-Dev|Any CPU
	EndGlobalSection
	GlobalSection(ProjectConfigurationPlatforms) = postSolution
		{F1540838-880A-4528-8AC3-058ED2BD4F0A}.Debug|Any CPU.ActiveCfg = Debug|Any CPU
		{F1540838-880A-4528-8AC3-058ED2BD4F0A}.Debug|Any CPU.Build.0 = Debug|Any CPU
		{F1540838-880A-4528-8AC3-058ED2BD4F0A}.Release|Any CPU.ActiveCfg = Release|Any CPU
		{F1540838-880A-4528-8AC3-058ED2BD4F0A}.Release|Any CPU.Build.0 = Release|Any CPU
		{F1540838-880A-4528-8AC3-058ED2BD4F0A}.Release-Dev|Any CPU.ActiveCfg = Release|Any CPU
		{F1540838-880A-4528-8AC3-058ED2BD4F0A}.Release-Dev|Any CPU.Build.0 = Release|Any CPU
		{21E5B299-DB1C-4752-B2A9-EF009E8CBAA1}.Debug|Any CPU.ActiveCfg = Debug|Any CPU
		{21E5B299-DB1C-4752-B2A9-EF009E8CBAA1}.Debug|Any CPU.Build.0 = Debug|Any CPU
		{21E5B299-DB1C-4752-B2A9-EF009E8CBAA1}.Release|Any CPU.ActiveCfg = Release|Any CPU
		{21E5B299-DB1C-4752-B2A9-EF009E8CBAA1}.Release|Any CPU.Build.0 = Release|Any CPU
		{21E5B299-DB1C-4752-B2A9-EF009E8CBAA1}.Release-Dev|Any CPU.ActiveCfg = Release|Any CPU
		{21E5B299-DB1C-4752-B2A9-EF009E8CBAA1}.Release-Dev|Any CPU.Build.0 = Release|Any CPU
		{74B7BAA5-A048-E25D-7971-44BAEC0AAF3A}.Debug|Any CPU.ActiveCfg = Debug|Any CPU
		{74B7BAA5-A048-E25D-7971-44BAEC0AAF3A}.Debug|Any CPU.Build.0 = Debug|Any CPU
		{74B7BAA5-A048-E25D-7971-44BAEC0AAF3A}.Release|Any CPU.ActiveCfg = Release|Any CPU
		{74B7BAA5-A048-E25D-7971-44BAEC0AAF3A}.Release|Any CPU.Build.0 = Release|Any CPU
		{74B7BAA5-A048-E25D-7971-44BAEC0AAF3A}.Release-Dev|Any CPU.ActiveCfg = Release|Any CPU
		{74B7BAA5-A048-E25D-7971-44BAEC0AAF3A}.Release-Dev|Any CPU.Build.0 = Release|Any CPU
		{9CC69A7E-3EC2-E80D-1E99-47B61EE41045}.Debug|Any CPU.ActiveCfg = Debug|Any CPU
		{9CC69A7E-3EC2-E80D-1E99-47B61EE41045}.Debug|Any CPU.Build.0 = Debug|Any CPU
		{9CC69A7E-3EC2-E80D-1E99-47B61EE41045}.Release|Any CPU.ActiveCfg = Release|Any CPU
		{9CC69A7E-3EC2-E80D-1E99-47B61EE41045}.Release|Any CPU.Build.0 = Release|Any CPU
		{9CC69A7E-3EC2-E80D-1E99-47B61EE41045}.Release-Dev|Any CPU.ActiveCfg = Release|Any CPU
		{9CC69A7E-3EC2-E80D-1E99-47B61EE41045}.Release-Dev|Any CPU.Build.0 = Release|Any CPU
	EndGlobalSection
	GlobalSection(SolutionProperties) = preSolution
		HideSolutionNode = FALSE
	EndGlobalSection
	GlobalSection(ExtensibilityGlobals) = postSolution
		SolutionGuid = {39E39681-3604-4738-8FB0-C32981467107}
	EndGlobalSection
EndGlobal
